
Microsoft Visual Studio Solution File, Format Version 12.00
# Visual Studio Version 17
VisualStudioVersion = 17.5.002.0
MinimumVisualStudioVersion = 10.0.40219.1
Project("{9A19103F-16F7-4668-BE54-9A1E7A4F7556}") = "ECommerce.WebApp", "ECommerce.WebApp.csproj", "{5C6E8F21-4B31-4A63-BFCE-D65CD40C2954}"
EndProject
Global
	GlobalSection(SolutionConfigurationPlatforms) = preSolution
		Debug|Any CPU = Debug|Any CPU
		Release|Any CPU = Release|Any CPU
	EndGlobalSection
	GlobalSection(ProjectConfigurationPlatforms) = postSolution
		{5C6E8F21-4B31-4A63-BFCE-D65CD40C2954}.Debug|Any CPU.ActiveCfg = Debug|Any CPU
		{5C6E8F21-4B31-4A63-BFCE-D65CD40C2954}.Debug|Any CPU.Build.0 = Debug|Any CPU
		{5C6E8F21-4B31-4A63-BFCE-D65CD40C2954}.Release|Any CPU.ActiveCfg = Release|Any CPU
		{5C6E8F21-4B31-4A63-BFCE-D65CD40C2954}.Release|Any CPU.Build.0 = Release|Any CPU
	EndGlobalSection
	GlobalSection(SolutionProperties) = preSolution
		HideSolutionNode = FALSE
	EndGlobalSection
	GlobalSection(ExtensibilityGlobals) = postSolution
		SolutionGuid = {FB6AD9E7-CDEA-49C9-B63E-543B2223BE17}
	EndGlobalSection
EndGlobal
